
Microsoft Visual Studio Solution File, Format Version 12.00
# Visual Studio Version 16
VisualStudioVersion = 16.0.30503.244
MinimumVisualStudioVersion = 10.0.40219.1
Project("{9A19103F-16F7-4668-BE54-9A1E7A4F7556}") = "Exercises", "Exercises\Exercises.csproj", "{89F51A10-39E7-477D-8E11-BFBB1C52F169}"
EndProject
Project("{9A19103F-16F7-4668-BE54-9A1E7A4F7556}") = "Exercises.Test", "Exercises.Test\Exercises.Test.csproj", "{C6C5BEB9-C2E4-4FAA-B911-D29F8E8425BB}"
EndProject
Project("{FAE04EC0-301F-11D3-BF4B-00C04F79EFBC}") = "Exercises.ConsoleApp", "Exercises.ConsoleApp\Exercises.ConsoleApp.csproj", "{5FDABEDE-63BF-4171-95BF-4C8164512214}"
EndProject
Global
	GlobalSection(SolutionConfigurationPlatforms) = preSolution
		Debug|Any CPU = Debug|Any CPU
		Release|Any CPU = Release|Any CPU
	EndGlobalSection
	GlobalSection(ProjectConfigurationPlatforms) = postSolution
		{89F51A10-39E7-477D-8E11-BFBB1C52F169}.Debug|Any CPU.ActiveCfg = Debug|Any CPU
		{89F51A10-39E7-477D-8E11-BFBB1C52F169}.Debug|Any CPU.Build.0 = Debug|Any CPU
		{89F51A10-39E7-477D-8E11-BFBB1C52F169}.Release|Any CPU.ActiveCfg = Release|Any CPU
		{89F51A10-39E7-477D-8E11-BFBB1C52F169}.Release|Any CPU.Build.0 = Release|Any CPU
		{C6C5BEB9-C2E4-4FAA-B911-D29F8E8425BB}.Debug|Any CPU.ActiveCfg = Debug|Any CPU
		{C6C5BEB9-C2E4-4FAA-B911-D29F8E8425BB}.Debug|Any CPU.Build.0 = Debug|Any CPU
		{C6C5BEB9-C2E4-4FAA-B911-D29F8E8425BB}.Release|Any CPU.ActiveCfg = Release|Any CPU
		{C6C5BEB9-C2E4-4FAA-B911-D29F8E8425BB}.Release|Any CPU.Build.0 = Release|Any CPU
		{5FDABEDE-63BF-4171-95BF-4C8164512214}.Debug|Any CPU.ActiveCfg = Debug|Any CPU
		{5FDABEDE-63BF-4171-95BF-4C8164512214}.Debug|Any CPU.Build.0 = Debug|Any CPU
		{5FDABEDE-63BF-4171-95BF-4C8164512214}.Release|Any CPU.ActiveCfg = Release|Any CPU
		{5FDABEDE-63BF-4171-95BF-4C8164512214}.Release|Any CPU.Build.0 = Release|Any CPU
	EndGlobalSection
	GlobalSection(SolutionProperties) = preSolution
		HideSolutionNode = FALSE
	EndGlobalSection
	GlobalSection(ExtensibilityGlobals) = postSolution
		SolutionGuid = {5B250034-4973-46E6-A886-5153250C4D2D}
	EndGlobalSection
EndGlobal
